
Microsoft Visual Studio Solution File, Format Version 12.00
# Visual Studio Version 17
VisualStudioVersion = 17.5.33516.290
MinimumVisualStudioVersion = 10.0.40219.1
Project("{9A19103F-16F7-4668-BE54-9A1E7A4F7556}") = "RhinoCodePlatform.Rhino3D.Tests", "RhinoCodePlatform.Rhino3D.Tests\RhinoCodePlatform.Rhino3D.Tests.csproj", "{C5C81D12-AE78-4DE1-A06E-546C3F91D392}"
EndProject
Project("{9A19103F-16F7-4668-BE54-9A1E7A4F7556}") = "Rhino.Runtime.Code.Testing", "Rhino.Runtime.Code.Testing\Rhino.Runtime.Code.Testing.csproj", "{C6F25A73-A5A1-4F3F-8F6C-8A56D35BBB2C}"
EndProject
Project("{9A19103F-16F7-4668-BE54-9A1E7A4F7556}") = "Rhino.Runtime.Code.Tests", "Rhino.Runtime.Code.Tests\Rhino.Runtime.Code.Tests.csproj", "{7E8AA522-FD73-43FB-9839-01F587A2A5A4}"
EndProject
Project("{9A19103F-16F7-4668-BE54-9A1E7A4F7556}") = "RhinoCodePlatform.Rhino3D.Testing", "RhinoCodePlatform.Rhino3D.Testing\RhinoCodePlatform.Rhino3D.Testing.csproj", "{55B6040C-9EDB-4CA5-98D9-BADF469183E1}"
EndProject
Project("{9A19103F-16F7-4668-BE54-9A1E7A4F7556}") = "RhinoCodePlatform.Rhino3D.Testing.Client", "RhinoCodePlatform.Rhino3D.Testing.Client\RhinoCodePlatform.Rhino3D.Testing.Client.csproj", "{BE8DB4B5-471C-486E-B408-82424F41AA7F}"
EndProject
Project("{9A19103F-16F7-4668-BE54-9A1E7A4F7556}") = "RhinoCodePlatform.Rhino3D.Tests.Client", "RhinoCodePlatform.Rhino3D.Tests.Client\RhinoCodePlatform.Rhino3D.Tests.Client.csproj", "{AEAC6B05-99F2-4990-AF25-447FE8FA8209}"
EndProject
Global
	GlobalSection(SolutionConfigurationPlatforms) = preSolution
		Debug|Any CPU = Debug|Any CPU
		Debug|x64 = Debug|x64
		Release|Any CPU = Release|Any CPU
		Release|x64 = Release|x64
	EndGlobalSection
	GlobalSection(ProjectConfigurationPlatforms) = postSolution
		{C5C81D12-AE78-4DE1-A06E-546C3F91D392}.Debug|Any CPU.ActiveCfg = Debug|Any CPU
		{C5C81D12-AE78-4DE1-A06E-546C3F91D392}.Debug|Any CPU.Build.0 = Debug|Any CPU
		{C5C81D12-AE78-4DE1-A06E-546C3F91D392}.Debug|x64.ActiveCfg = Debug|Any CPU
		{C5C81D12-AE78-4DE1-A06E-546C3F91D392}.Debug|x64.Build.0 = Debug|Any CPU
		{C5C81D12-AE78-4DE1-A06E-546C3F91D392}.Release|Any CPU.ActiveCfg = Release|Any CPU
		{C5C81D12-AE78-4DE1-A06E-546C3F91D392}.Release|Any CPU.Build.0 = Release|Any CPU
		{C5C81D12-AE78-4DE1-A06E-546C3F91D392}.Release|x64.ActiveCfg = Release|Any CPU
		{C5C81D12-AE78-4DE1-A06E-546C3F91D392}.Release|x64.Build.0 = Release|Any CPU
		{C6F25A73-A5A1-4F3F-8F6C-8A56D35BBB2C}.Debug|Any CPU.ActiveCfg = Debug|Any CPU
		{C6F25A73-A5A1-4F3F-8F6C-8A56D35BBB2C}.Debug|Any CPU.Build.0 = Debug|Any CPU
		{C6F25A73-A5A1-4F3F-8F6C-8A56D35BBB2C}.Debug|x64.ActiveCfg = Debug|Any CPU
		{C6F25A73-A5A1-4F3F-8F6C-8A56D35BBB2C}.Debug|x64.Build.0 = Debug|Any CPU
		{C6F25A73-A5A1-4F3F-8F6C-8A56D35BBB2C}.Release|Any CPU.ActiveCfg = Release|Any CPU
		{C6F25A73-A5A1-4F3F-8F6C-8A56D35BBB2C}.Release|Any CPU.Build.0 = Release|Any CPU
		{C6F25A73-A5A1-4F3F-8F6C-8A56D35BBB2C}.Release|x64.ActiveCfg = Release|Any CPU
		{C6F25A73-A5A1-4F3F-8F6C-8A56D35BBB2C}.Release|x64.Build.0 = Release|Any CPU
		{7E8AA522-FD73-43FB-9839-01F587A2A5A4}.Debug|Any CPU.ActiveCfg = Debug|Any CPU
		{7E8AA522-FD73-43FB-9839-01F587A2A5A4}.Debug|Any CPU.Build.0 = Debug|Any CPU
		{7E8AA522-FD73-43FB-9839-01F587A2A5A4}.Debug|x64.ActiveCfg = Debug|Any CPU
		{7E8AA522-FD73-43FB-9839-01F587A2A5A4}.Debug|x64.Build.0 = Debug|Any CPU
		{7E8AA522-FD73-43FB-9839-01F587A2A5A4}.Release|Any CPU.ActiveCfg = Release|Any CPU
		{7E8AA522-FD73-43FB-9839-01F587A2A5A4}.Release|Any CPU.Build.0 = Release|Any CPU
		{7E8AA522-FD73-43FB-9839-01F587A2A5A4}.Release|x64.ActiveCfg = Release|Any CPU
		{7E8AA522-FD73-43FB-9839-01F587A2A5A4}.Release|x64.Build.0 = Release|Any CPU
		{55B6040C-9EDB-4CA5-98D9-BADF469183E1}.Debug|Any CPU.ActiveCfg = Debug|Any CPU
		{55B6040C-9EDB-4CA5-98D9-BADF469183E1}.Debug|Any CPU.Build.0 = Debug|Any CPU
		{55B6040C-9EDB-4CA5-98D9-BADF469183E1}.Debug|x64.ActiveCfg = Debug|Any CPU
		{55B6040C-9EDB-4CA5-98D9-BADF469183E1}.Debug|x64.Build.0 = Debug|Any CPU
		{55B6040C-9EDB-4CA5-98D9-BADF469183E1}.Release|Any CPU.ActiveCfg = Release|Any CPU
		{55B6040C-9EDB-4CA5-98D9-BADF469183E1}.Release|Any CPU.Build.0 = Release|Any CPU
		{55B6040C-9EDB-4CA5-98D9-BADF469183E1}.Release|x64.ActiveCfg = Release|Any CPU
		{55B6040C-9EDB-4CA5-98D9-BADF469183E1}.Release|x64.Build.0 = Release|Any CPU
		{BE8DB4B5-471C-486E-B408-82424F41AA7F}.Debug|Any CPU.ActiveCfg = Debug|Any CPU
		{BE8DB4B5-471C-486E-B408-82424F41AA7F}.Debug|Any CPU.Build.0 = Debug|Any CPU
		{BE8DB4B5-471C-486E-B408-82424F41AA7F}.Debug|x64.ActiveCfg = Debug|Any CPU
		{BE8DB4B5-471C-486E-B408-82424F41AA7F}.Debug|x64.Build.0 = Debug|Any CPU
		{BE8DB4B5-471C-486E-B408-82424F41AA7F}.Release|Any CPU.ActiveCfg = Release|Any CPU
		{BE8DB4B5-471C-486E-B408-82424F41AA7F}.Release|Any CPU.Build.0 = Release|Any CPU
		{BE8DB4B5-471C-486E-B408-82424F41AA7F}.Release|x64.ActiveCfg = Release|Any CPU
		{BE8DB4B5-471C-486E-B408-82424F41AA7F}.Release|x64.Build.0 = Release|Any CPU
		{AEAC6B05-99F2-4990-AF25-447FE8FA8209}.Debug|Any CPU.ActiveCfg = Debug|Any CPU
		{AEAC6B05-99F2-4990-AF25-447FE8FA8209}.Debug|Any CPU.Build.0 = Debug|Any CPU
		{AEAC6B05-99F2-4990-AF25-447FE8FA8209}.Debug|x64.ActiveCfg = Debug|Any CPU
		{AEAC6B05-99F2-4990-AF25-447FE8FA8209}.Debug|x64.Build.0 = Debug|Any CPU
		{AEAC6B05-99F2-4990-AF25-447FE8FA8209}.Release|Any CPU.ActiveCfg = Release|Any CPU
		{AEAC6B05-99F2-4990-AF25-447FE8FA8209}.Release|Any CPU.Build.0 = Release|Any CPU
		{AEAC6B05-99F2-4990-AF25-447FE8FA8209}.Release|x64.ActiveCfg = Release|Any CPU
		{AEAC6B05-99F2-4990-AF25-447FE8FA8209}.Release|x64.Build.0 = Release|Any CPU
	EndGlobalSection
	GlobalSection(SolutionProperties) = preSolution
		HideSolutionNode = FALSE
	EndGlobalSection
	GlobalSection(ExtensibilityGlobals) = postSolution
		SolutionGuid = {13F41759-27EC-454A-B8A1-6F4E801B56D1}
	EndGlobalSection
EndGlobal
